
Microsoft Visual Studio Solution File, Format Version 12.00
# Visual Studio 15
VisualStudioVersion = 15.0.27703.2035
MinimumVisualStudioVersion = 10.0.40219.1
Project("{FAE04EC0-301F-11D3-BF4B-00C04F79EFBC}") = "whileLoops", "whileLoops\whileLoops.csproj", "{DFCB6A41-05F8-4E04-A9F9-158096230346}"
EndProject
Global
	GlobalSection(SolutionConfigurationPlatforms) = preSolution
		Debug|Any CPU = Debug|Any CPU
		Release|Any CPU = Release|Any CPU
	EndGlobalSection
	GlobalSection(ProjectConfigurationPlatforms) = postSolution
		{DFCB6A41-05F8-4E04-A9F9-158096230346}.Debug|Any CPU.ActiveCfg = Debug|Any CPU
		{DFCB6A41-05F8-4E04-A9F9-158096230346}.Debug|Any CPU.Build.0 = Debug|Any CPU
		{DFCB6A41-05F8-4E04-A9F9-158096230346}.Release|Any CPU.ActiveCfg = Release|Any CPU
		{DFCB6A41-05F8-4E04-A9F9-158096230346}.Release|Any CPU.Build.0 = Release|Any CPU
	EndGlobalSection
	GlobalSection(SolutionProperties) = preSolution
		HideSolutionNode = FALSE
	EndGlobalSection
	GlobalSection(ExtensibilityGlobals) = postSolution
		SolutionGuid = {594041B6-6B4C-4C8B-AECB-83A8FE5656F5}
	EndGlobalSection
EndGlobal
