
Microsoft Visual Studio Solution File, Format Version 12.00
# Visual Studio 15
VisualStudioVersion = 15.0.27703.2035
MinimumVisualStudioVersion = 10.0.40219.1
Project("{FAE04EC0-301F-11D3-BF4B-00C04F79EFBC}") = "randomClass", "randomClass\randomClass.csproj", "{9E5FDFF7-E8CC-4010-9EE5-F3BC43019AAD}"
EndProject
Global
	GlobalSection(SolutionConfigurationPlatforms) = preSolution
		Debug|Any CPU = Debug|Any CPU
		Release|Any CPU = Release|Any CPU
	EndGlobalSection
	GlobalSection(ProjectConfigurationPlatforms) = postSolution
		{9E5FDFF7-E8CC-4010-9EE5-F3BC43019AAD}.Debug|Any CPU.ActiveCfg = Debug|Any CPU
		{9E5FDFF7-E8CC-4010-9EE5-F3BC43019AAD}.Debug|Any CPU.Build.0 = Debug|Any CPU
		{9E5FDFF7-E8CC-4010-9EE5-F3BC43019AAD}.Release|Any CPU.ActiveCfg = Release|Any CPU
		{9E5FDFF7-E8CC-4010-9EE5-F3BC43019AAD}.Release|Any CPU.Build.0 = Release|Any CPU
	EndGlobalSection
	GlobalSection(SolutionProperties) = preSolution
		HideSolutionNode = FALSE
	EndGlobalSection
	GlobalSection(ExtensibilityGlobals) = postSolution
		SolutionGuid = {72F4BECB-78C0-4953-8B56-1F5693A6F1A2}
	EndGlobalSection
EndGlobal
